// !$*UTF8*$!
{
	archiveVersion = 1;
	classes = {
	};
	objectVersion = 56;
	objects = {

/* Begin PBXBuildFile section */
		FB1088B52A09ACE700B914C2 /* RegisterView.swift in Sources */ = {isa = PBXBuildFile; fileRef = FB1088B42A09ACE700B914C2 /* RegisterView.swift */; };
		FB4EEFB12A0AC43B0022EBC5 /* Typography.swift in Sources */ = {isa = PBXBuildFile; fileRef = FB4EEFB02A0AC43B0022EBC5 /* Typography.swift */; };
		FB4EEFB32A0AC8A30022EBC5 /* DynamicStack.swift in Sources */ = {isa = PBXBuildFile; fileRef = FB4EEFB22A0AC8A30022EBC5 /* DynamicStack.swift */; };
		FB62BB972A16C35F00076ECD /* CollectionsView.swift in Sources */ = {isa = PBXBuildFile; fileRef = FB62BB962A16C35F00076ECD /* CollectionsView.swift */; };
		FB8DF34E2A17D1F300E61AA6 /* CollectionButton.swift in Sources */ = {isa = PBXBuildFile; fileRef = FB8DF34D2A17D1F300E61AA6 /* CollectionButton.swift */; };
		FB8DF3502A17D69A00E61AA6 /* CardsView.swift in Sources */ = {isa = PBXBuildFile; fileRef = FB8DF34F2A17D69A00E61AA6 /* CardsView.swift */; };
		FB8DF3522A17D88C00E61AA6 /* CardButton.swift in Sources */ = {isa = PBXBuildFile; fileRef = FB8DF3512A17D88C00E61AA6 /* CardButton.swift */; };
		FBB443512A097634000E48F2 /* LogIn.swift in Sources */ = {isa = PBXBuildFile; fileRef = FBB443502A097634000E48F2 /* LogIn.swift */; };
		FBB443532A09A3DA000E48F2 /* ButtonView.swift in Sources */ = {isa = PBXBuildFile; fileRef = FBB443522A09A3DA000E48F2 /* ButtonView.swift */; };
		FBD3406A2A0968EF00977A4B /* MainMenuView.swift in Sources */ = {isa = PBXBuildFile; fileRef = FBD340692A0968EF00977A4B /* MainMenuView.swift */; };
		FBD340772A09902000977A4B /* Comfortaa-Regular.ttf in Resources */ = {isa = PBXBuildFile; fileRef = FBD340722A09901F00977A4B /* Comfortaa-Regular.ttf */; };
		FBD340782A09902000977A4B /* Comfortaa-SemiBold.ttf in Resources */ = {isa = PBXBuildFile; fileRef = FBD340732A09902000977A4B /* Comfortaa-SemiBold.ttf */; };
		FBD340792A09902000977A4B /* Comfortaa-Medium.ttf in Resources */ = {isa = PBXBuildFile; fileRef = FBD340742A09902000977A4B /* Comfortaa-Medium.ttf */; };
		FBD3407A2A09902000977A4B /* Comfortaa-Light.ttf in Resources */ = {isa = PBXBuildFile; fileRef = FBD340752A09902000977A4B /* Comfortaa-Light.ttf */; };
		FBD3407B2A09902000977A4B /* Comfortaa-Bold.ttf in Resources */ = {isa = PBXBuildFile; fileRef = FBD340762A09902000977A4B /* Comfortaa-Bold.ttf */; };
		FBD340A02A09958F00977A4B /* Raleway-Black.ttf in Resources */ = {isa = PBXBuildFile; fileRef = FBD3408E2A09958E00977A4B /* Raleway-Black.ttf */; };
		FBD340A12A09958F00977A4B /* Raleway-Regular.ttf in Resources */ = {isa = PBXBuildFile; fileRef = FBD3408F2A09958E00977A4B /* Raleway-Regular.ttf */; };
		FBD340A22A09958F00977A4B /* Raleway-ExtraLight.ttf in Resources */ = {isa = PBXBuildFile; fileRef = FBD340902A09958E00977A4B /* Raleway-ExtraLight.ttf */; };
		FBD340A32A09958F00977A4B /* Raleway-MediumItalic.ttf in Resources */ = {isa = PBXBuildFile; fileRef = FBD340912A09958E00977A4B /* Raleway-MediumItalic.ttf */; };
		FBD340A42A09958F00977A4B /* Raleway-SemiBoldItalic.ttf in Resources */ = {isa = PBXBuildFile; fileRef = FBD340922A09958E00977A4B /* Raleway-SemiBoldItalic.ttf */; };
		FBD340A52A09958F00977A4B /* Raleway-ExtraBold.ttf in Resources */ = {isa = PBXBuildFile; fileRef = FBD340932A09958E00977A4B /* Raleway-ExtraBold.ttf */; };
		FBD340A62A09958F00977A4B /* Raleway-ExtraLightItalic.ttf in Resources */ = {isa = PBXBuildFile; fileRef = FBD340942A09958F00977A4B /* Raleway-ExtraLightItalic.ttf */; };
		FBD340A72A09958F00977A4B /* Raleway-LightItalic.ttf in Resources */ = {isa = PBXBuildFile; fileRef = FBD340952A09958F00977A4B /* Raleway-LightItalic.ttf */; };
		FBD340A82A09958F00977A4B /* Raleway-Bold.ttf in Resources */ = {isa = PBXBuildFile; fileRef = FBD340962A09958F00977A4B /* Raleway-Bold.ttf */; };
		FBD340A92A09958F00977A4B /* Raleway-Thin.ttf in Resources */ = {isa = PBXBuildFile; fileRef = FBD340972A09958F00977A4B /* Raleway-Thin.ttf */; };
		FBD340AA2A09958F00977A4B /* Raleway-ThinItalic.ttf in Resources */ = {isa = PBXBuildFile; fileRef = FBD340982A09958F00977A4B /* Raleway-ThinItalic.ttf */; };
		FBD340AB2A09958F00977A4B /* Raleway-BlackItalic.ttf in Resources */ = {isa = PBXBuildFile; fileRef = FBD340992A09958F00977A4B /* Raleway-BlackItalic.ttf */; };
		FBD340AC2A09958F00977A4B /* Raleway-Italic.ttf in Resources */ = {isa = PBXBuildFile; fileRef = FBD3409A2A09958F00977A4B /* Raleway-Italic.ttf */; };
		FBD340AD2A09958F00977A4B /* Raleway-SemiBold.ttf in Resources */ = {isa = PBXBuildFile; fileRef = FBD3409B2A09958F00977A4B /* Raleway-SemiBold.ttf */; };
		FBD340AE2A09958F00977A4B /* Raleway-ExtraBoldItalic.ttf in Resources */ = {isa = PBXBuildFile; fileRef = FBD3409C2A09958F00977A4B /* Raleway-ExtraBoldItalic.ttf */; };
		FBD340AF2A09958F00977A4B /* Raleway-Medium.ttf in Resources */ = {isa = PBXBuildFile; fileRef = FBD3409D2A09958F00977A4B /* Raleway-Medium.ttf */; };
		FBD340B02A09958F00977A4B /* Raleway-BoldItalic.ttf in Resources */ = {isa = PBXBuildFile; fileRef = FBD3409E2A09958F00977A4B /* Raleway-BoldItalic.ttf */; };
		FBD340B12A09958F00977A4B /* Raleway-Light.ttf in Resources */ = {isa = PBXBuildFile; fileRef = FBD3409F2A09958F00977A4B /* Raleway-Light.ttf */; };
		FBDD5E2D2A05AE7D00642744 /* techminds_tc2007b_501App.swift in Sources */ = {isa = PBXBuildFile; fileRef = FBDD5E2C2A05AE7D00642744 /* techminds_tc2007b_501App.swift */; };
		FBDD5E2F2A05AE7D00642744 /* ContentView.swift in Sources */ = {isa = PBXBuildFile; fileRef = FBDD5E2E2A05AE7D00642744 /* ContentView.swift */; };
		FBDD5E312A05AE8500642744 /* Assets.xcassets in Resources */ = {isa = PBXBuildFile; fileRef = FBDD5E302A05AE8500642744 /* Assets.xcassets */; };
		FBDD5E342A05AE8500642744 /* Preview Assets.xcassets in Resources */ = {isa = PBXBuildFile; fileRef = FBDD5E332A05AE8500642744 /* Preview Assets.xcassets */; };
		FBDD5E3E2A05AE8500642744 /* techminds_tc2007b_501Tests.swift in Sources */ = {isa = PBXBuildFile; fileRef = FBDD5E3D2A05AE8500642744 /* techminds_tc2007b_501Tests.swift */; };
		FBDD5E482A05AE8500642744 /* techminds_tc2007b_501UITests.swift in Sources */ = {isa = PBXBuildFile; fileRef = FBDD5E472A05AE8500642744 /* techminds_tc2007b_501UITests.swift */; };
		FBDD5E4A2A05AE8500642744 /* techminds_tc2007b_501UITestsLaunchTests.swift in Sources */ = {isa = PBXBuildFile; fileRef = FBDD5E492A05AE8500642744 /* techminds_tc2007b_501UITestsLaunchTests.swift */; };
/* End PBXBuildFile section */

/* Begin PBXContainerItemProxy section */
		FBDD5E3A2A05AE8500642744 /* PBXContainerItemProxy */ = {
			isa = PBXContainerItemProxy;
			containerPortal = FBDD5E212A05AE7D00642744 /* Project object */;
			proxyType = 1;
			remoteGlobalIDString = FBDD5E282A05AE7D00642744;
			remoteInfo = techminds_tc2007b.501;
		};
		FBDD5E442A05AE8500642744 /* PBXContainerItemProxy */ = {
			isa = PBXContainerItemProxy;
			containerPortal = FBDD5E212A05AE7D00642744 /* Project object */;
			proxyType = 1;
			remoteGlobalIDString = FBDD5E282A05AE7D00642744;
			remoteInfo = techminds_tc2007b.501;
		};
/* End PBXContainerItemProxy section */

/* Begin PBXFileReference section */
		FB1088B42A09ACE700B914C2 /* RegisterView.swift */ = {isa = PBXFileReference; lastKnownFileType = sourcecode.swift; path = RegisterView.swift; sourceTree = "<group>"; };
		FB4EEFB02A0AC43B0022EBC5 /* Typography.swift */ = {isa = PBXFileReference; lastKnownFileType = sourcecode.swift; path = Typography.swift; sourceTree = "<group>"; };
		FB4EEFB22A0AC8A30022EBC5 /* DynamicStack.swift */ = {isa = PBXFileReference; lastKnownFileType = sourcecode.swift; path = DynamicStack.swift; sourceTree = "<group>"; };
		FB62BB962A16C35F00076ECD /* CollectionsView.swift */ = {isa = PBXFileReference; lastKnownFileType = sourcecode.swift; path = CollectionsView.swift; sourceTree = "<group>"; };
		FB8DF34D2A17D1F300E61AA6 /* CollectionButton.swift */ = {isa = PBXFileReference; lastKnownFileType = sourcecode.swift; path = CollectionButton.swift; sourceTree = "<group>"; };
		FB8DF34F2A17D69A00E61AA6 /* CardsView.swift */ = {isa = PBXFileReference; lastKnownFileType = sourcecode.swift; path = CardsView.swift; sourceTree = "<group>"; };
		FB8DF3512A17D88C00E61AA6 /* CardButton.swift */ = {isa = PBXFileReference; lastKnownFileType = sourcecode.swift; path = CardButton.swift; sourceTree = "<group>"; };
		FBB443502A097634000E48F2 /* LogIn.swift */ = {isa = PBXFileReference; lastKnownFileType = sourcecode.swift; path = LogIn.swift; sourceTree = "<group>"; };
		FBB443522A09A3DA000E48F2 /* ButtonView.swift */ = {isa = PBXFileReference; lastKnownFileType = sourcecode.swift; path = ButtonView.swift; sourceTree = "<group>"; };
		FBD340692A0968EF00977A4B /* MainMenuView.swift */ = {isa = PBXFileReference; lastKnownFileType = sourcecode.swift; path = MainMenuView.swift; sourceTree = "<group>"; };
		FBD340722A09901F00977A4B /* Comfortaa-Regular.ttf */ = {isa = PBXFileReference; lastKnownFileType = file; path = "Comfortaa-Regular.ttf"; sourceTree = "<group>"; };
		FBD340732A09902000977A4B /* Comfortaa-SemiBold.ttf */ = {isa = PBXFileReference; lastKnownFileType = file; path = "Comfortaa-SemiBold.ttf"; sourceTree = "<group>"; };
		FBD340742A09902000977A4B /* Comfortaa-Medium.ttf */ = {isa = PBXFileReference; lastKnownFileType = file; name = "Comfortaa-Medium.ttf"; path = "techminds_tc2007b.501/Fonts/Comfortaa-Medium.ttf"; sourceTree = SOURCE_ROOT; };
		FBD340752A09902000977A4B /* Comfortaa-Light.ttf */ = {isa = PBXFileReference; lastKnownFileType = file; path = "Comfortaa-Light.ttf"; sourceTree = "<group>"; };
		FBD340762A09902000977A4B /* Comfortaa-Bold.ttf */ = {isa = PBXFileReference; lastKnownFileType = file; name = "Comfortaa-Bold.ttf"; path = "techminds_tc2007b.501/Fonts/Comfortaa-Bold.ttf"; sourceTree = SOURCE_ROOT; };
		FBD3408E2A09958E00977A4B /* Raleway-Black.ttf */ = {isa = PBXFileReference; lastKnownFileType = file; path = "Raleway-Black.ttf"; sourceTree = "<group>"; };
		FBD3408F2A09958E00977A4B /* Raleway-Regular.ttf */ = {isa = PBXFileReference; lastKnownFileType = file; path = "Raleway-Regular.ttf"; sourceTree = "<group>"; };
		FBD340902A09958E00977A4B /* Raleway-ExtraLight.ttf */ = {isa = PBXFileReference; lastKnownFileType = file; path = "Raleway-ExtraLight.ttf"; sourceTree = "<group>"; };
		FBD340912A09958E00977A4B /* Raleway-MediumItalic.ttf */ = {isa = PBXFileReference; lastKnownFileType = file; path = "Raleway-MediumItalic.ttf"; sourceTree = "<group>"; };
		FBD340922A09958E00977A4B /* Raleway-SemiBoldItalic.ttf */ = {isa = PBXFileReference; lastKnownFileType = file; path = "Raleway-SemiBoldItalic.ttf"; sourceTree = "<group>"; };
		FBD340932A09958E00977A4B /* Raleway-ExtraBold.ttf */ = {isa = PBXFileReference; lastKnownFileType = file; path = "Raleway-ExtraBold.ttf"; sourceTree = "<group>"; };
		FBD340942A09958F00977A4B /* Raleway-ExtraLightItalic.ttf */ = {isa = PBXFileReference; lastKnownFileType = file; path = "Raleway-ExtraLightItalic.ttf"; sourceTree = "<group>"; };
		FBD340952A09958F00977A4B /* Raleway-LightItalic.ttf */ = {isa = PBXFileReference; lastKnownFileType = file; path = "Raleway-LightItalic.ttf"; sourceTree = "<group>"; };
		FBD340962A09958F00977A4B /* Raleway-Bold.ttf */ = {isa = PBXFileReference; lastKnownFileType = file; path = "Raleway-Bold.ttf"; sourceTree = "<group>"; };
		FBD340972A09958F00977A4B /* Raleway-Thin.ttf */ = {isa = PBXFileReference; lastKnownFileType = file; path = "Raleway-Thin.ttf"; sourceTree = "<group>"; };
		FBD340982A09958F00977A4B /* Raleway-ThinItalic.ttf */ = {isa = PBXFileReference; lastKnownFileType = file; path = "Raleway-ThinItalic.ttf"; sourceTree = "<group>"; };
		FBD340992A09958F00977A4B /* Raleway-BlackItalic.ttf */ = {isa = PBXFileReference; lastKnownFileType = file; path = "Raleway-BlackItalic.ttf"; sourceTree = "<group>"; };
		FBD3409A2A09958F00977A4B /* Raleway-Italic.ttf */ = {isa = PBXFileReference; lastKnownFileType = file; path = "Raleway-Italic.ttf"; sourceTree = "<group>"; };
		FBD3409B2A09958F00977A4B /* Raleway-SemiBold.ttf */ = {isa = PBXFileReference; lastKnownFileType = file; path = "Raleway-SemiBold.ttf"; sourceTree = "<group>"; };
		FBD3409C2A09958F00977A4B /* Raleway-ExtraBoldItalic.ttf */ = {isa = PBXFileReference; lastKnownFileType = file; path = "Raleway-ExtraBoldItalic.ttf"; sourceTree = "<group>"; };
		FBD3409D2A09958F00977A4B /* Raleway-Medium.ttf */ = {isa = PBXFileReference; lastKnownFileType = file; path = "Raleway-Medium.ttf"; sourceTree = "<group>"; };
		FBD3409E2A09958F00977A4B /* Raleway-BoldItalic.ttf */ = {isa = PBXFileReference; lastKnownFileType = file; path = "Raleway-BoldItalic.ttf"; sourceTree = "<group>"; };
		FBD3409F2A09958F00977A4B /* Raleway-Light.ttf */ = {isa = PBXFileReference; lastKnownFileType = file; path = "Raleway-Light.ttf"; sourceTree = "<group>"; };
		FBDD5E292A05AE7D00642744 /* techminds_tc2007b.501.app */ = {isa = PBXFileReference; explicitFileType = wrapper.application; includeInIndex = 0; path = techminds_tc2007b.501.app; sourceTree = BUILT_PRODUCTS_DIR; };
		FBDD5E2C2A05AE7D00642744 /* techminds_tc2007b_501App.swift */ = {isa = PBXFileReference; lastKnownFileType = sourcecode.swift; path = techminds_tc2007b_501App.swift; sourceTree = "<group>"; };
		FBDD5E2E2A05AE7D00642744 /* ContentView.swift */ = {isa = PBXFileReference; lastKnownFileType = sourcecode.swift; path = ContentView.swift; sourceTree = "<group>"; };
		FBDD5E302A05AE8500642744 /* Assets.xcassets */ = {isa = PBXFileReference; lastKnownFileType = folder.assetcatalog; path = Assets.xcassets; sourceTree = "<group>"; };
		FBDD5E332A05AE8500642744 /* Preview Assets.xcassets */ = {isa = PBXFileReference; lastKnownFileType = folder.assetcatalog; path = "Preview Assets.xcassets"; sourceTree = "<group>"; };
		FBDD5E392A05AE8500642744 /* techminds_tc2007b.501Tests.xctest */ = {isa = PBXFileReference; explicitFileType = wrapper.cfbundle; includeInIndex = 0; path = techminds_tc2007b.501Tests.xctest; sourceTree = BUILT_PRODUCTS_DIR; };
		FBDD5E3D2A05AE8500642744 /* techminds_tc2007b_501Tests.swift */ = {isa = PBXFileReference; lastKnownFileType = sourcecode.swift; path = techminds_tc2007b_501Tests.swift; sourceTree = "<group>"; };
		FBDD5E432A05AE8500642744 /* techminds_tc2007b.501UITests.xctest */ = {isa = PBXFileReference; explicitFileType = wrapper.cfbundle; includeInIndex = 0; path = techminds_tc2007b.501UITests.xctest; sourceTree = BUILT_PRODUCTS_DIR; };
		FBDD5E472A05AE8500642744 /* techminds_tc2007b_501UITests.swift */ = {isa = PBXFileReference; lastKnownFileType = sourcecode.swift; path = techminds_tc2007b_501UITests.swift; sourceTree = "<group>"; };
		FBDD5E492A05AE8500642744 /* techminds_tc2007b_501UITestsLaunchTests.swift */ = {isa = PBXFileReference; lastKnownFileType = sourcecode.swift; path = techminds_tc2007b_501UITestsLaunchTests.swift; sourceTree = "<group>"; };
/* End PBXFileReference section */

/* Begin PBXFrameworksBuildPhase section */
		FBDD5E262A05AE7D00642744 /* Frameworks */ = {
			isa = PBXFrameworksBuildPhase;
			buildActionMask = 2147483647;
			files = (
			);
			runOnlyForDeploymentPostprocessing = 0;
		};
		FBDD5E362A05AE8500642744 /* Frameworks */ = {
			isa = PBXFrameworksBuildPhase;
			buildActionMask = 2147483647;
			files = (
			);
			runOnlyForDeploymentPostprocessing = 0;
		};
		FBDD5E402A05AE8500642744 /* Frameworks */ = {
			isa = PBXFrameworksBuildPhase;
			buildActionMask = 2147483647;
			files = (
			);
			runOnlyForDeploymentPostprocessing = 0;
		};
/* End PBXFrameworksBuildPhase section */

/* Begin PBXGroup section */
		FB4EEFAE2A0AC3B20022EBC5 /* Models */ = {
			isa = PBXGroup;
			children = (
			);
			path = Models;
			sourceTree = "<group>";
		};
		FB4EEFAF2A0AC4130022EBC5 /* ViewModifiers */ = {
			isa = PBXGroup;
			children = (
				FB4EEFB02A0AC43B0022EBC5 /* Typography.swift */,
			);
			path = ViewModifiers;
			sourceTree = "<group>";
		};
		FBD3406C2A098B7D00977A4B /* Fonts */ = {
			isa = PBXGroup;
			children = (
				FBD3408E2A09958E00977A4B /* Raleway-Black.ttf */,
				FBD340992A09958F00977A4B /* Raleway-BlackItalic.ttf */,
				FBD340962A09958F00977A4B /* Raleway-Bold.ttf */,
				FBD3409E2A09958F00977A4B /* Raleway-BoldItalic.ttf */,
				FBD340932A09958E00977A4B /* Raleway-ExtraBold.ttf */,
				FBD3409C2A09958F00977A4B /* Raleway-ExtraBoldItalic.ttf */,
				FBD340902A09958E00977A4B /* Raleway-ExtraLight.ttf */,
				FBD340942A09958F00977A4B /* Raleway-ExtraLightItalic.ttf */,
				FBD3409A2A09958F00977A4B /* Raleway-Italic.ttf */,
				FBD3409F2A09958F00977A4B /* Raleway-Light.ttf */,
				FBD340952A09958F00977A4B /* Raleway-LightItalic.ttf */,
				FBD3409D2A09958F00977A4B /* Raleway-Medium.ttf */,
				FBD340912A09958E00977A4B /* Raleway-MediumItalic.ttf */,
				FBD3408F2A09958E00977A4B /* Raleway-Regular.ttf */,
				FBD3409B2A09958F00977A4B /* Raleway-SemiBold.ttf */,
				FBD340922A09958E00977A4B /* Raleway-SemiBoldItalic.ttf */,
				FBD340972A09958F00977A4B /* Raleway-Thin.ttf */,
				FBD340982A09958F00977A4B /* Raleway-ThinItalic.ttf */,
				FBD340762A09902000977A4B /* Comfortaa-Bold.ttf */,
				FBD340752A09902000977A4B /* Comfortaa-Light.ttf */,
				FBD340742A09902000977A4B /* Comfortaa-Medium.ttf */,
				FBD340722A09901F00977A4B /* Comfortaa-Regular.ttf */,
				FBD340732A09902000977A4B /* Comfortaa-SemiBold.ttf */,
			);
			path = Fonts;
			sourceTree = "<group>";
		};
		FBDD5E202A05AE7D00642744 = {
			isa = PBXGroup;
			children = (
				FBDD5E2B2A05AE7D00642744 /* techminds_tc2007b.501 */,
				FBDD5E3C2A05AE8500642744 /* techminds_tc2007b.501Tests */,
				FBDD5E462A05AE8500642744 /* techminds_tc2007b.501UITests */,
				FBDD5E2A2A05AE7D00642744 /* Products */,
			);
			sourceTree = "<group>";
		};
		FBDD5E2A2A05AE7D00642744 /* Products */ = {
			isa = PBXGroup;
			children = (
				FBDD5E292A05AE7D00642744 /* techminds_tc2007b.501.app */,
				FBDD5E392A05AE8500642744 /* techminds_tc2007b.501Tests.xctest */,
				FBDD5E432A05AE8500642744 /* techminds_tc2007b.501UITests.xctest */,
			);
			name = Products;
			sourceTree = "<group>";
		};
		FBDD5E2B2A05AE7D00642744 /* techminds_tc2007b.501 */ = {
			isa = PBXGroup;
			children = (
				FB4EEFAF2A0AC4130022EBC5 /* ViewModifiers */,
				FB4EEFAE2A0AC3B20022EBC5 /* Models */,
				FBD3406C2A098B7D00977A4B /* Fonts */,
				FBDD5E5D2A09687D00642744 /* Views */,
				FBDD5E2C2A05AE7D00642744 /* techminds_tc2007b_501App.swift */,
				FBDD5E2E2A05AE7D00642744 /* ContentView.swift */,
				FBDD5E302A05AE8500642744 /* Assets.xcassets */,
				FBDD5E322A05AE8500642744 /* Preview Content */,
			);
			path = techminds_tc2007b.501;
			sourceTree = "<group>";
		};
		FBDD5E322A05AE8500642744 /* Preview Content */ = {
			isa = PBXGroup;
			children = (
				FBDD5E332A05AE8500642744 /* Preview Assets.xcassets */,
			);
			path = "Preview Content";
			sourceTree = "<group>";
		};
		FBDD5E3C2A05AE8500642744 /* techminds_tc2007b.501Tests */ = {
			isa = PBXGroup;
			children = (
				FBDD5E3D2A05AE8500642744 /* techminds_tc2007b_501Tests.swift */,
			);
			path = techminds_tc2007b.501Tests;
			sourceTree = "<group>";
		};
		FBDD5E462A05AE8500642744 /* techminds_tc2007b.501UITests */ = {
			isa = PBXGroup;
			children = (
				FBDD5E472A05AE8500642744 /* techminds_tc2007b_501UITests.swift */,
				FBDD5E492A05AE8500642744 /* techminds_tc2007b_501UITestsLaunchTests.swift */,
			);
			path = techminds_tc2007b.501UITests;
			sourceTree = "<group>";
		};
		FBDD5E5D2A09687D00642744 /* Views */ = {
			isa = PBXGroup;
			children = (
				FBD340692A0968EF00977A4B /* MainMenuView.swift */,
				FBB443502A097634000E48F2 /* LogIn.swift */,
				FBB443522A09A3DA000E48F2 /* ButtonView.swift */,
				FB1088B42A09ACE700B914C2 /* RegisterView.swift */,
				FB4EEFB22A0AC8A30022EBC5 /* DynamicStack.swift */,
				FB62BB962A16C35F00076ECD /* CollectionsView.swift */,
				FB8DF34F2A17D69A00E61AA6 /* CardsView.swift */,
				FB8DF34D2A17D1F300E61AA6 /* CollectionButton.swift */,
				FB8DF3512A17D88C00E61AA6 /* CardButton.swift */,
			);
			path = Views;
			sourceTree = "<group>";
		};
/* End PBXGroup section */

/* Begin PBXNativeTarget section */
		FBDD5E282A05AE7D00642744 /* techminds_tc2007b.501 */ = {
			isa = PBXNativeTarget;
			buildConfigurationList = FBDD5E4D2A05AE8500642744 /* Build configuration list for PBXNativeTarget "techminds_tc2007b.501" */;
			buildPhases = (
				FBDD5E252A05AE7D00642744 /* Sources */,
				FBDD5E262A05AE7D00642744 /* Frameworks */,
				FBDD5E272A05AE7D00642744 /* Resources */,
			);
			buildRules = (
			);
			dependencies = (
			);
			name = techminds_tc2007b.501;
			productName = techminds_tc2007b.501;
			productReference = FBDD5E292A05AE7D00642744 /* techminds_tc2007b.501.app */;
			productType = "com.apple.product-type.application";
		};
		FBDD5E382A05AE8500642744 /* techminds_tc2007b.501Tests */ = {
			isa = PBXNativeTarget;
			buildConfigurationList = FBDD5E502A05AE8500642744 /* Build configuration list for PBXNativeTarget "techminds_tc2007b.501Tests" */;
			buildPhases = (
				FBDD5E352A05AE8500642744 /* Sources */,
				FBDD5E362A05AE8500642744 /* Frameworks */,
				FBDD5E372A05AE8500642744 /* Resources */,
			);
			buildRules = (
			);
			dependencies = (
				FBDD5E3B2A05AE8500642744 /* PBXTargetDependency */,
			);
			name = techminds_tc2007b.501Tests;
			productName = techminds_tc2007b.501Tests;
			productReference = FBDD5E392A05AE8500642744 /* techminds_tc2007b.501Tests.xctest */;
			productType = "com.apple.product-type.bundle.unit-test";
		};
		FBDD5E422A05AE8500642744 /* techminds_tc2007b.501UITests */ = {
			isa = PBXNativeTarget;
			buildConfigurationList = FBDD5E532A05AE8500642744 /* Build configuration list for PBXNativeTarget "techminds_tc2007b.501UITests" */;
			buildPhases = (
				FBDD5E3F2A05AE8500642744 /* Sources */,
				FBDD5E402A05AE8500642744 /* Frameworks */,
				FBDD5E412A05AE8500642744 /* Resources */,
			);
			buildRules = (
			);
			dependencies = (
				FBDD5E452A05AE8500642744 /* PBXTargetDependency */,
			);
			name = techminds_tc2007b.501UITests;
			productName = techminds_tc2007b.501UITests;
			productReference = FBDD5E432A05AE8500642744 /* techminds_tc2007b.501UITests.xctest */;
			productType = "com.apple.product-type.bundle.ui-testing";
		};
/* End PBXNativeTarget section */

/* Begin PBXProject section */
		FBDD5E212A05AE7D00642744 /* Project object */ = {
			isa = PBXProject;
			attributes = {
				BuildIndependentTargetsInParallel = 1;
				LastSwiftUpdateCheck = 1430;
				LastUpgradeCheck = 1430;
				TargetAttributes = {
					FBDD5E282A05AE7D00642744 = {
						CreatedOnToolsVersion = 14.3;
					};
					FBDD5E382A05AE8500642744 = {
						CreatedOnToolsVersion = 14.3;
						TestTargetID = FBDD5E282A05AE7D00642744;
					};
					FBDD5E422A05AE8500642744 = {
						CreatedOnToolsVersion = 14.3;
						TestTargetID = FBDD5E282A05AE7D00642744;
					};
				};
			};
			buildConfigurationList = FBDD5E242A05AE7D00642744 /* Build configuration list for PBXProject "techminds_tc2007b.501" */;
			compatibilityVersion = "Xcode 14.0";
			developmentRegion = en;
			hasScannedForEncodings = 0;
			knownRegions = (
				en,
				Base,
			);
			mainGroup = FBDD5E202A05AE7D00642744;
			productRefGroup = FBDD5E2A2A05AE7D00642744 /* Products */;
			projectDirPath = "";
			projectRoot = "";
			targets = (
				FBDD5E282A05AE7D00642744 /* techminds_tc2007b.501 */,
				FBDD5E382A05AE8500642744 /* techminds_tc2007b.501Tests */,
				FBDD5E422A05AE8500642744 /* techminds_tc2007b.501UITests */,
			);
		};
/* End PBXProject section */

/* Begin PBXResourcesBuildPhase section */
		FBDD5E272A05AE7D00642744 /* Resources */ = {
			isa = PBXResourcesBuildPhase;
			buildActionMask = 2147483647;
			files = (
				FBD3407B2A09902000977A4B /* Comfortaa-Bold.ttf in Resources */,
				FBD340782A09902000977A4B /* Comfortaa-SemiBold.ttf in Resources */,
				FBD340A72A09958F00977A4B /* Raleway-LightItalic.ttf in Resources */,
				FBD340B02A09958F00977A4B /* Raleway-BoldItalic.ttf in Resources */,
				FBD340A22A09958F00977A4B /* Raleway-ExtraLight.ttf in Resources */,
				FBD340A92A09958F00977A4B /* Raleway-Thin.ttf in Resources */,
				FBD340B12A09958F00977A4B /* Raleway-Light.ttf in Resources */,
				FBD340AA2A09958F00977A4B /* Raleway-ThinItalic.ttf in Resources */,
				FBD340AD2A09958F00977A4B /* Raleway-SemiBold.ttf in Resources */,
				FBD340AC2A09958F00977A4B /* Raleway-Italic.ttf in Resources */,
				FBD340AB2A09958F00977A4B /* Raleway-BlackItalic.ttf in Resources */,
				FBD340772A09902000977A4B /* Comfortaa-Regular.ttf in Resources */,
				FBDD5E342A05AE8500642744 /* Preview Assets.xcassets in Resources */,
				FBD340A52A09958F00977A4B /* Raleway-ExtraBold.ttf in Resources */,
				FBD340AE2A09958F00977A4B /* Raleway-ExtraBoldItalic.ttf in Resources */,
				FBD340A32A09958F00977A4B /* Raleway-MediumItalic.ttf in Resources */,
				FBD340A12A09958F00977A4B /* Raleway-Regular.ttf in Resources */,
				FBD340A02A09958F00977A4B /* Raleway-Black.ttf in Resources */,
				FBD3407A2A09902000977A4B /* Comfortaa-Light.ttf in Resources */,
				FBD340A42A09958F00977A4B /* Raleway-SemiBoldItalic.ttf in Resources */,
				FBD340792A09902000977A4B /* Comfortaa-Medium.ttf in Resources */,
				FBD340A62A09958F00977A4B /* Raleway-ExtraLightItalic.ttf in Resources */,
				FBDD5E312A05AE8500642744 /* Assets.xcassets in Resources */,
				FBD340A82A09958F00977A4B /* Raleway-Bold.ttf in Resources */,
				FBD340AF2A09958F00977A4B /* Raleway-Medium.ttf in Resources */,
			);
			runOnlyForDeploymentPostprocessing = 0;
		};
		FBDD5E372A05AE8500642744 /* Resources */ = {
			isa = PBXResourcesBuildPhase;
			buildActionMask = 2147483647;
			files = (
			);
			runOnlyForDeploymentPostprocessing = 0;
		};
		FBDD5E412A05AE8500642744 /* Resources */ = {
			isa = PBXResourcesBuildPhase;
			buildActionMask = 2147483647;
			files = (
			);
			runOnlyForDeploymentPostprocessing = 0;
		};
/* End PBXResourcesBuildPhase section */

/* Begin PBXSourcesBuildPhase section */
		FBDD5E252A05AE7D00642744 /* Sources */ = {
			isa = PBXSourcesBuildPhase;
			buildActionMask = 2147483647;
			files = (
				FB8DF3502A17D69A00E61AA6 /* CardsView.swift in Sources */,
				FB8DF3522A17D88C00E61AA6 /* CardButton.swift in Sources */,
				FB4EEFB32A0AC8A30022EBC5 /* DynamicStack.swift in Sources */,
				FB4EEFB12A0AC43B0022EBC5 /* Typography.swift in Sources */,
				FB62BB972A16C35F00076ECD /* CollectionsView.swift in Sources */,
				FBD3406A2A0968EF00977A4B /* MainMenuView.swift in Sources */,
				FBDD5E2F2A05AE7D00642744 /* ContentView.swift in Sources */,
				FBB443532A09A3DA000E48F2 /* ButtonView.swift in Sources */,
				FB1088B52A09ACE700B914C2 /* RegisterView.swift in Sources */,
				FB8DF34E2A17D1F300E61AA6 /* CollectionButton.swift in Sources */,
				FBDD5E2D2A05AE7D00642744 /* techminds_tc2007b_501App.swift in Sources */,
				FBB443512A097634000E48F2 /* LogIn.swift in Sources */,
			);
			runOnlyForDeploymentPostprocessing = 0;
		};
		FBDD5E352A05AE8500642744 /* Sources */ = {
			isa = PBXSourcesBuildPhase;
			buildActionMask = 2147483647;
			files = (
				FBDD5E3E2A05AE8500642744 /* techminds_tc2007b_501Tests.swift in Sources */,
			);
			runOnlyForDeploymentPostprocessing = 0;
		};
		FBDD5E3F2A05AE8500642744 /* Sources */ = {
			isa = PBXSourcesBuildPhase;
			buildActionMask = 2147483647;
			files = (
				FBDD5E4A2A05AE8500642744 /* techminds_tc2007b_501UITestsLaunchTests.swift in Sources */,
				FBDD5E482A05AE8500642744 /* techminds_tc2007b_501UITests.swift in Sources */,
			);
			runOnlyForDeploymentPostprocessing = 0;
		};
/* End PBXSourcesBuildPhase section */

/* Begin PBXTargetDependency section */
		FBDD5E3B2A05AE8500642744 /* PBXTargetDependency */ = {
			isa = PBXTargetDependency;
			target = FBDD5E282A05AE7D00642744 /* techminds_tc2007b.501 */;
			targetProxy = FBDD5E3A2A05AE8500642744 /* PBXContainerItemProxy */;
		};
		FBDD5E452A05AE8500642744 /* PBXTargetDependency */ = {
			isa = PBXTargetDependency;
			target = FBDD5E282A05AE7D00642744 /* techminds_tc2007b.501 */;
			targetProxy = FBDD5E442A05AE8500642744 /* PBXContainerItemProxy */;
		};
/* End PBXTargetDependency section */

/* Begin XCBuildConfiguration section */
		FBDD5E4B2A05AE8500642744 /* Debug */ = {
			isa = XCBuildConfiguration;
			buildSettings = {
				ALWAYS_SEARCH_USER_PATHS = NO;
				CLANG_ANALYZER_NONNULL = YES;
				CLANG_ANALYZER_NUMBER_OBJECT_CONVERSION = YES_AGGRESSIVE;
				CLANG_CXX_LANGUAGE_STANDARD = "gnu++20";
				CLANG_ENABLE_MODULES = YES;
				CLANG_ENABLE_OBJC_ARC = YES;
				CLANG_ENABLE_OBJC_WEAK = YES;
				CLANG_WARN_BLOCK_CAPTURE_AUTORELEASING = YES;
				CLANG_WARN_BOOL_CONVERSION = YES;
				CLANG_WARN_COMMA = YES;
				CLANG_WARN_CONSTANT_CONVERSION = YES;
				CLANG_WARN_DEPRECATED_OBJC_IMPLEMENTATIONS = YES;
				CLANG_WARN_DIRECT_OBJC_ISA_USAGE = YES_ERROR;
				CLANG_WARN_DOCUMENTATION_COMMENTS = YES;
				CLANG_WARN_EMPTY_BODY = YES;
				CLANG_WARN_ENUM_CONVERSION = YES;
				CLANG_WARN_INFINITE_RECURSION = YES;
				CLANG_WARN_INT_CONVERSION = YES;
				CLANG_WARN_NON_LITERAL_NULL_CONVERSION = YES;
				CLANG_WARN_OBJC_IMPLICIT_RETAIN_SELF = YES;
				CLANG_WARN_OBJC_LITERAL_CONVERSION = YES;
				CLANG_WARN_OBJC_ROOT_CLASS = YES_ERROR;
				CLANG_WARN_QUOTED_INCLUDE_IN_FRAMEWORK_HEADER = YES;
				CLANG_WARN_RANGE_LOOP_ANALYSIS = YES;
				CLANG_WARN_STRICT_PROTOTYPES = YES;
				CLANG_WARN_SUSPICIOUS_MOVE = YES;
				CLANG_WARN_UNGUARDED_AVAILABILITY = YES_AGGRESSIVE;
				CLANG_WARN_UNREACHABLE_CODE = YES;
				CLANG_WARN__DUPLICATE_METHOD_MATCH = YES;
				COPY_PHASE_STRIP = NO;
				DEBUG_INFORMATION_FORMAT = dwarf;
				ENABLE_STRICT_OBJC_MSGSEND = YES;
				ENABLE_TESTABILITY = YES;
				GCC_C_LANGUAGE_STANDARD = gnu11;
				GCC_DYNAMIC_NO_PIC = NO;
				GCC_NO_COMMON_BLOCKS = YES;
				GCC_OPTIMIZATION_LEVEL = 0;
				GCC_PREPROCESSOR_DEFINITIONS = (
					"DEBUG=1",
					"$(inherited)",
				);
				GCC_WARN_64_TO_32_BIT_CONVERSION = YES;
				GCC_WARN_ABOUT_RETURN_TYPE = YES_ERROR;
				GCC_WARN_UNDECLARED_SELECTOR = YES;
				GCC_WARN_UNINITIALIZED_AUTOS = YES_AGGRESSIVE;
				GCC_WARN_UNUSED_FUNCTION = YES;
				GCC_WARN_UNUSED_VARIABLE = YES;
				IPHONEOS_DEPLOYMENT_TARGET = 16.4;
				MTL_ENABLE_DEBUG_INFO = INCLUDE_SOURCE;
				MTL_FAST_MATH = YES;
				ONLY_ACTIVE_ARCH = YES;
				SDKROOT = iphoneos;
				SWIFT_ACTIVE_COMPILATION_CONDITIONS = DEBUG;
				SWIFT_OPTIMIZATION_LEVEL = "-Onone";
			};
			name = Debug;
		};
		FBDD5E4C2A05AE8500642744 /* Release */ = {
			isa = XCBuildConfiguration;
			buildSettings = {
				ALWAYS_SEARCH_USER_PATHS = NO;
				CLANG_ANALYZER_NONNULL = YES;
				CLANG_ANALYZER_NUMBER_OBJECT_CONVERSION = YES_AGGRESSIVE;
				CLANG_CXX_LANGUAGE_STANDARD = "gnu++20";
				CLANG_ENABLE_MODULES = YES;
				CLANG_ENABLE_OBJC_ARC = YES;
				CLANG_ENABLE_OBJC_WEAK = YES;
				CLANG_WARN_BLOCK_CAPTURE_AUTORELEASING = YES;
				CLANG_WARN_BOOL_CONVERSION = YES;
				CLANG_WARN_COMMA = YES;
				CLANG_WARN_CONSTANT_CONVERSION = YES;
				CLANG_WARN_DEPRECATED_OBJC_IMPLEMENTATIONS = YES;
				CLANG_WARN_DIRECT_OBJC_ISA_USAGE = YES_ERROR;
				CLANG_WARN_DOCUMENTATION_COMMENTS = YES;
				CLANG_WARN_EMPTY_BODY = YES;
				CLANG_WARN_ENUM_CONVERSION = YES;
				CLANG_WARN_INFINITE_RECURSION = YES;
				CLANG_WARN_INT_CONVERSION = YES;
				CLANG_WARN_NON_LITERAL_NULL_CONVERSION = YES;
				CLANG_WARN_OBJC_IMPLICIT_RETAIN_SELF = YES;
				CLANG_WARN_OBJC_LITERAL_CONVERSION = YES;
				CLANG_WARN_OBJC_ROOT_CLASS = YES_ERROR;
				CLANG_WARN_QUOTED_INCLUDE_IN_FRAMEWORK_HEADER = YES;
				CLANG_WARN_RANGE_LOOP_ANALYSIS = YES;
				CLANG_WARN_STRICT_PROTOTYPES = YES;
				CLANG_WARN_SUSPICIOUS_MOVE = YES;
				CLANG_WARN_UNGUARDED_AVAILABILITY = YES_AGGRESSIVE;
				CLANG_WARN_UNREACHABLE_CODE = YES;
				CLANG_WARN__DUPLICATE_METHOD_MATCH = YES;
				COPY_PHASE_STRIP = NO;
				DEBUG_INFORMATION_FORMAT = "dwarf-with-dsym";
				ENABLE_NS_ASSERTIONS = NO;
				ENABLE_STRICT_OBJC_MSGSEND = YES;
				GCC_C_LANGUAGE_STANDARD = gnu11;
				GCC_NO_COMMON_BLOCKS = YES;
				GCC_WARN_64_TO_32_BIT_CONVERSION = YES;
				GCC_WARN_ABOUT_RETURN_TYPE = YES_ERROR;
				GCC_WARN_UNDECLARED_SELECTOR = YES;
				GCC_WARN_UNINITIALIZED_AUTOS = YES_AGGRESSIVE;
				GCC_WARN_UNUSED_FUNCTION = YES;
				GCC_WARN_UNUSED_VARIABLE = YES;
				IPHONEOS_DEPLOYMENT_TARGET = 16.4;
				MTL_ENABLE_DEBUG_INFO = NO;
				MTL_FAST_MATH = YES;
				SDKROOT = iphoneos;
				SWIFT_COMPILATION_MODE = wholemodule;
				SWIFT_OPTIMIZATION_LEVEL = "-O";
				VALIDATE_PRODUCT = YES;
			};
			name = Release;
		};
		FBDD5E4E2A05AE8500642744 /* Debug */ = {
			isa = XCBuildConfiguration;
			buildSettings = {
				ASSETCATALOG_COMPILER_APPICON_NAME = AppIcon;
				ASSETCATALOG_COMPILER_GLOBAL_ACCENT_COLOR_NAME = AccentColor;
				CODE_SIGN_STYLE = Automatic;
				CURRENT_PROJECT_VERSION = 1;
				DEVELOPMENT_ASSET_PATHS = "\"techminds_tc2007b.501/Preview Content\"";
				ENABLE_PREVIEWS = YES;
				GENERATE_INFOPLIST_FILE = YES;
				INFOPLIST_FILE = "techminds-tc2007b-501-Info.plist";
				INFOPLIST_KEY_UIApplicationSceneManifest_Generation = YES;
				INFOPLIST_KEY_UIApplicationSupportsIndirectInputEvents = YES;
				INFOPLIST_KEY_UILaunchScreen_Generation = YES;
				INFOPLIST_KEY_UISupportedInterfaceOrientations_iPad = "UIInterfaceOrientationPortrait UIInterfaceOrientationPortraitUpsideDown UIInterfaceOrientationLandscapeLeft UIInterfaceOrientationLandscapeRight";
				INFOPLIST_KEY_UISupportedInterfaceOrientations_iPhone = "UIInterfaceOrientationPortrait UIInterfaceOrientationLandscapeLeft UIInterfaceOrientationLandscapeRight";
				LD_RUNPATH_SEARCH_PATHS = (
					"$(inherited)",
					"@executable_path/Frameworks",
				);
				MARKETING_VERSION = 1.0;
				PRODUCT_BUNDLE_IDENTIFIER = "techminds.techminds-tc2007b-501";
				PRODUCT_NAME = "$(TARGET_NAME)";
				SUPPORTED_PLATFORMS = "iphoneos iphonesimulator";
				SUPPORTS_MACCATALYST = NO;
				SUPPORTS_MAC_DESIGNED_FOR_IPHONE_IPAD = NO;
				SWIFT_EMIT_LOC_STRINGS = YES;
				SWIFT_VERSION = 5.0;
				TARGETED_DEVICE_FAMILY = 2;
			};
			name = Debug;
		};
		FBDD5E4F2A05AE8500642744 /* Release */ = {
			isa = XCBuildConfiguration;
			buildSettings = {
				ASSETCATALOG_COMPILER_APPICON_NAME = AppIcon;
				ASSETCATALOG_COMPILER_GLOBAL_ACCENT_COLOR_NAME = AccentColor;
				CODE_SIGN_STYLE = Automatic;
				CURRENT_PROJECT_VERSION = 1;
				DEVELOPMENT_ASSET_PATHS = "\"techminds_tc2007b.501/Preview Content\"";
				ENABLE_PREVIEWS = YES;
				GENERATE_INFOPLIST_FILE = YES;
				INFOPLIST_FILE = "techminds-tc2007b-501-Info.plist";
				INFOPLIST_KEY_UIApplicationSceneManifest_Generation = YES;
				INFOPLIST_KEY_UIApplicationSupportsIndirectInputEvents = YES;
				INFOPLIST_KEY_UILaunchScreen_Generation = YES;
				INFOPLIST_KEY_UISupportedInterfaceOrientations_iPad = "UIInterfaceOrientationPortrait UIInterfaceOrientationPortraitUpsideDown UIInterfaceOrientationLandscapeLeft UIInterfaceOrientationLandscapeRight";
				INFOPLIST_KEY_UISupportedInterfaceOrientations_iPhone = "UIInterfaceOrientationPortrait UIInterfaceOrientationLandscapeLeft UIInterfaceOrientationLandscapeRight";
				LD_RUNPATH_SEARCH_PATHS = (
					"$(inherited)",
					"@executable_path/Frameworks",
				);
				MARKETING_VERSION = 1.0;
				PRODUCT_BUNDLE_IDENTIFIER = "techminds.techminds-tc2007b-501";
				PRODUCT_NAME = "$(TARGET_NAME)";
				SUPPORTED_PLATFORMS = "iphoneos iphonesimulator";
				SUPPORTS_MACCATALYST = NO;
				SUPPORTS_MAC_DESIGNED_FOR_IPHONE_IPAD = NO;
				SWIFT_EMIT_LOC_STRINGS = YES;
				SWIFT_VERSION = 5.0;
				TARGETED_DEVICE_FAMILY = 2;
			};
			name = Release;
		};
		FBDD5E512A05AE8500642744 /* Debug */ = {
			isa = XCBuildConfiguration;
			buildSettings = {
				ALWAYS_EMBED_SWIFT_STANDARD_LIBRARIES = YES;
				BUNDLE_LOADER = "$(TEST_HOST)";
				CODE_SIGN_STYLE = Automatic;
				CURRENT_PROJECT_VERSION = 1;
				GENERATE_INFOPLIST_FILE = YES;
				IPHONEOS_DEPLOYMENT_TARGET = 16.4;
				MARKETING_VERSION = 1.0;
				PRODUCT_BUNDLE_IDENTIFIER = "techminds.techminds-tc2007b-501Tests";
				PRODUCT_NAME = "$(TARGET_NAME)";
				SWIFT_EMIT_LOC_STRINGS = NO;
				SWIFT_VERSION = 5.0;
				TARGETED_DEVICE_FAMILY = "1,2";
				TEST_HOST = "$(BUILT_PRODUCTS_DIR)/techminds_tc2007b.501.app/$(BUNDLE_EXECUTABLE_FOLDER_PATH)/techminds_tc2007b.501";
			};
			name = Debug;
		};
		FBDD5E522A05AE8500642744 /* Release */ = {
			isa = XCBuildConfiguration;
			buildSettings = {
				ALWAYS_EMBED_SWIFT_STANDARD_LIBRARIES = YES;
				BUNDLE_LOADER = "$(TEST_HOST)";
				CODE_SIGN_STYLE = Automatic;
				CURRENT_PROJECT_VERSION = 1;
				GENERATE_INFOPLIST_FILE = YES;
				IPHONEOS_DEPLOYMENT_TARGET = 16.4;
				MARKETING_VERSION = 1.0;
				PRODUCT_BUNDLE_IDENTIFIER = "techminds.techminds-tc2007b-501Tests";
				PRODUCT_NAME = "$(TARGET_NAME)";
				SWIFT_EMIT_LOC_STRINGS = NO;
				SWIFT_VERSION = 5.0;
				TARGETED_DEVICE_FAMILY = "1,2";
				TEST_HOST = "$(BUILT_PRODUCTS_DIR)/techminds_tc2007b.501.app/$(BUNDLE_EXECUTABLE_FOLDER_PATH)/techminds_tc2007b.501";
			};
			name = Release;
		};
		FBDD5E542A05AE8500642744 /* Debug */ = {
			isa = XCBuildConfiguration;
			buildSettings = {
				ALWAYS_EMBED_SWIFT_STANDARD_LIBRARIES = YES;
				CODE_SIGN_STYLE = Automatic;
				CURRENT_PROJECT_VERSION = 1;
				GENERATE_INFOPLIST_FILE = YES;
				MARKETING_VERSION = 1.0;
				PRODUCT_BUNDLE_IDENTIFIER = "techminds.techminds-tc2007b-501UITests";
				PRODUCT_NAME = "$(TARGET_NAME)";
				SWIFT_EMIT_LOC_STRINGS = NO;
				SWIFT_VERSION = 5.0;
				TARGETED_DEVICE_FAMILY = "1,2";
				TEST_TARGET_NAME = techminds_tc2007b.501;
			};
			name = Debug;
		};
		FBDD5E552A05AE8500642744 /* Release */ = {
			isa = XCBuildConfiguration;
			buildSettings = {
				ALWAYS_EMBED_SWIFT_STANDARD_LIBRARIES = YES;
				CODE_SIGN_STYLE = Automatic;
				CURRENT_PROJECT_VERSION = 1;
				GENERATE_INFOPLIST_FILE = YES;
				MARKETING_VERSION = 1.0;
				PRODUCT_BUNDLE_IDENTIFIER = "techminds.techminds-tc2007b-501UITests";
				PRODUCT_NAME = "$(TARGET_NAME)";
				SWIFT_EMIT_LOC_STRINGS = NO;
				SWIFT_VERSION = 5.0;
				TARGETED_DEVICE_FAMILY = "1,2";
				TEST_TARGET_NAME = techminds_tc2007b.501;
			};
			name = Release;
		};
/* End XCBuildConfiguration section */

/* Begin XCConfigurationList section */
		FBDD5E242A05AE7D00642744 /* Build configuration list for PBXProject "techminds_tc2007b.501" */ = {
			isa = XCConfigurationList;
			buildConfigurations = (
				FBDD5E4B2A05AE8500642744 /* Debug */,
				FBDD5E4C2A05AE8500642744 /* Release */,
			);
			defaultConfigurationIsVisible = 0;
			defaultConfigurationName = Release;
		};
		FBDD5E4D2A05AE8500642744 /* Build configuration list for PBXNativeTarget "techminds_tc2007b.501" */ = {
			isa = XCConfigurationList;
			buildConfigurations = (
				FBDD5E4E2A05AE8500642744 /* Debug */,
				FBDD5E4F2A05AE8500642744 /* Release */,
			);
			defaultConfigurationIsVisible = 0;
			defaultConfigurationName = Release;
		};
		FBDD5E502A05AE8500642744 /* Build configuration list for PBXNativeTarget "techminds_tc2007b.501Tests" */ = {
			isa = XCConfigurationList;
			buildConfigurations = (
				FBDD5E512A05AE8500642744 /* Debug */,
				FBDD5E522A05AE8500642744 /* Release */,
			);
			defaultConfigurationIsVisible = 0;
			defaultConfigurationName = Release;
		};
		FBDD5E532A05AE8500642744 /* Build configuration list for PBXNativeTarget "techminds_tc2007b.501UITests" */ = {
			isa = XCConfigurationList;
			buildConfigurations = (
				FBDD5E542A05AE8500642744 /* Debug */,
				FBDD5E552A05AE8500642744 /* Release */,
			);
			defaultConfigurationIsVisible = 0;
			defaultConfigurationName = Release;
		};
/* End XCConfigurationList section */
	};
	rootObject = FBDD5E212A05AE7D00642744 /* Project object */;
}
