// !$*UTF8*$!
{
	archiveVersion = 1;
	classes = {
	};
	objectVersion = 56;
	objects = {

/* Begin PBXBuildFile section */
		FBDD5E2D2A05AE7D00642744 /* techminds_tc2007b_501App.swift in Sources */ = {isa = PBXBuildFile; fileRef = FBDD5E2C2A05AE7D00642744 /* techminds_tc2007b_501App.swift */; };
		FBDD5E2F2A05AE7D00642744 /* ContentView.swift in Sources */ = {isa = PBXBuildFile; fileRef = FBDD5E2E2A05AE7D00642744 /* ContentView.swift */; };
		FBDD5E312A05AE8500642744 /* Assets.xcassets in Resources */ = {isa = PBXBuildFile; fileRef = FBDD5E302A05AE8500642744 /* Assets.xcassets */; };
		FBDD5E342A05AE8500642744 /* Preview Assets.xcassets in Resources */ = {isa = PBXBuildFile; fileRef = FBDD5E332A05AE8500642744 /* Preview Assets.xcassets */; };
		FBDD5E3E2A05AE8500642744 /* techminds_tc2007b_501Tests.swift in Sources */ = {isa = PBXBuildFile; fileRef = FBDD5E3D2A05AE8500642744 /* techminds_tc2007b_501Tests.swift */; };
		FBDD5E482A05AE8500642744 /* techminds_tc2007b_501UITests.swift in Sources */ = {isa = PBXBuildFile; fileRef = FBDD5E472A05AE8500642744 /* techminds_tc2007b_501UITests.swift */; };
		FBDD5E4A2A05AE8500642744 /* techminds_tc2007b_501UITestsLaunchTests.swift in Sources */ = {isa = PBXBuildFile; fileRef = FBDD5E492A05AE8500642744 /* techminds_tc2007b_501UITestsLaunchTests.swift */; };
/* End PBXBuildFile section */

/* Begin PBXContainerItemProxy section */
		FBDD5E3A2A05AE8500642744 /* PBXContainerItemProxy */ = {
			isa = PBXContainerItemProxy;
			containerPortal = FBDD5E212A05AE7D00642744 /* Project object */;
			proxyType = 1;
			remoteGlobalIDString = FBDD5E282A05AE7D00642744;
			remoteInfo = techminds_tc2007b.501;
		};
		FBDD5E442A05AE8500642744 /* PBXContainerItemProxy */ = {
			isa = PBXContainerItemProxy;
			containerPortal = FBDD5E212A05AE7D00642744 /* Project object */;
			proxyType = 1;
			remoteGlobalIDString = FBDD5E282A05AE7D00642744;
			remoteInfo = techminds_tc2007b.501;
		};
/* End PBXContainerItemProxy section */

/* Begin PBXFileReference section */
		FBDD5E292A05AE7D00642744 /* techminds_tc2007b.501.app */ = {isa = PBXFileReference; explicitFileType = wrapper.application; includeInIndex = 0; path = techminds_tc2007b.501.app; sourceTree = BUILT_PRODUCTS_DIR; };
		FBDD5E2C2A05AE7D00642744 /* techminds_tc2007b_501App.swift */ = {isa = PBXFileReference; lastKnownFileType = sourcecode.swift; path = techminds_tc2007b_501App.swift; sourceTree = "<group>"; };
		FBDD5E2E2A05AE7D00642744 /* ContentView.swift */ = {isa = PBXFileReference; lastKnownFileType = sourcecode.swift; path = ContentView.swift; sourceTree = "<group>"; };
		FBDD5E302A05AE8500642744 /* Assets.xcassets */ = {isa = PBXFileReference; lastKnownFileType = folder.assetcatalog; path = Assets.xcassets; sourceTree = "<group>"; };
		FBDD5E332A05AE8500642744 /* Preview Assets.xcassets */ = {isa = PBXFileReference; lastKnownFileType = folder.assetcatalog; path = "Preview Assets.xcassets"; sourceTree = "<group>"; };
		FBDD5E392A05AE8500642744 /* techminds_tc2007b.501Tests.xctest */ = {isa = PBXFileReference; explicitFileType = wrapper.cfbundle; includeInIndex = 0; path = techminds_tc2007b.501Tests.xctest; sourceTree = BUILT_PRODUCTS_DIR; };
		FBDD5E3D2A05AE8500642744 /* techminds_tc2007b_501Tests.swift */ = {isa = PBXFileReference; lastKnownFileType = sourcecode.swift; path = techminds_tc2007b_501Tests.swift; sourceTree = "<group>"; };
		FBDD5E432A05AE8500642744 /* techminds_tc2007b.501UITests.xctest */ = {isa = PBXFileReference; explicitFileType = wrapper.cfbundle; includeInIndex = 0; path = techminds_tc2007b.501UITests.xctest; sourceTree = BUILT_PRODUCTS_DIR; };
		FBDD5E472A05AE8500642744 /* techminds_tc2007b_501UITests.swift */ = {isa = PBXFileReference; lastKnownFileType = sourcecode.swift; path = techminds_tc2007b_501UITests.swift; sourceTree = "<group>"; };
		FBDD5E492A05AE8500642744 /* techminds_tc2007b_501UITestsLaunchTests.swift */ = {isa = PBXFileReference; lastKnownFileType = sourcecode.swift; path = techminds_tc2007b_501UITestsLaunchTests.swift; sourceTree = "<group>"; };
/* End PBXFileReference section */

/* Begin PBXFrameworksBuildPhase section */
		FBDD5E262A05AE7D00642744 /* Frameworks */ = {
			isa = PBXFrameworksBuildPhase;
			buildActionMask = 2147483647;
			files = (
			);
			runOnlyForDeploymentPostprocessing = 0;
		};
		FBDD5E362A05AE8500642744 /* Frameworks */ = {
			isa = PBXFrameworksBuildPhase;
			buildActionMask = 2147483647;
			files = (
			);
			runOnlyForDeploymentPostprocessing = 0;
		};
		FBDD5E402A05AE8500642744 /* Frameworks */ = {
			isa = PBXFrameworksBuildPhase;
			buildActionMask = 2147483647;
			files = (
			);
			runOnlyForDeploymentPostprocessing = 0;
		};
/* End PBXFrameworksBuildPhase section */

/* Begin PBXGroup section */
		FBDD5E202A05AE7D00642744 = {
			isa = PBXGroup;
			children = (
				FBDD5E2B2A05AE7D00642744 /* techminds_tc2007b.501 */,
				FBDD5E3C2A05AE8500642744 /* techminds_tc2007b.501Tests */,
				FBDD5E462A05AE8500642744 /* techminds_tc2007b.501UITests */,
				FBDD5E2A2A05AE7D00642744 /* Products */,
			);
			sourceTree = "<group>";
		};
		FBDD5E2A2A05AE7D00642744 /* Products */ = {
			isa = PBXGroup;
			children = (
				FBDD5E292A05AE7D00642744 /* techminds_tc2007b.501.app */,
				FBDD5E392A05AE8500642744 /* techminds_tc2007b.501Tests.xctest */,
				FBDD5E432A05AE8500642744 /* techminds_tc2007b.501UITests.xctest */,
			);
			name = Products;
			sourceTree = "<group>";
		};
		FBDD5E2B2A05AE7D00642744 /* techminds_tc2007b.501 */ = {
			isa = PBXGroup;
			children = (
				FBDD5E2C2A05AE7D00642744 /* techminds_tc2007b_501App.swift */,
				FBDD5E2E2A05AE7D00642744 /* ContentView.swift */,
				FBDD5E302A05AE8500642744 /* Assets.xcassets */,
				FBDD5E322A05AE8500642744 /* Preview Content */,
			);
			path = techminds_tc2007b.501;
			sourceTree = "<group>";
		};
		FBDD5E322A05AE8500642744 /* Preview Content */ = {
			isa = PBXGroup;
			children = (
				FBDD5E332A05AE8500642744 /* Preview Assets.xcassets */,
			);
			path = "Preview Content";
			sourceTree = "<group>";
		};
		FBDD5E3C2A05AE8500642744 /* techminds_tc2007b.501Tests */ = {
			isa = PBXGroup;
			children = (
				FBDD5E3D2A05AE8500642744 /* techminds_tc2007b_501Tests.swift */,
			);
			path = techminds_tc2007b.501Tests;
			sourceTree = "<group>";
		};
		FBDD5E462A05AE8500642744 /* techminds_tc2007b.501UITests */ = {
			isa = PBXGroup;
			children = (
				FBDD5E472A05AE8500642744 /* techminds_tc2007b_501UITests.swift */,
				FBDD5E492A05AE8500642744 /* techminds_tc2007b_501UITestsLaunchTests.swift */,
			);
			path = techminds_tc2007b.501UITests;
			sourceTree = "<group>";
		};
/* End PBXGroup section */

/* Begin PBXNativeTarget section */
		FBDD5E282A05AE7D00642744 /* techminds_tc2007b.501 */ = {
			isa = PBXNativeTarget;
			buildConfigurationList = FBDD5E4D2A05AE8500642744 /* Build configuration list for PBXNativeTarget "techminds_tc2007b.501" */;
			buildPhases = (
				FBDD5E252A05AE7D00642744 /* Sources */,
				FBDD5E262A05AE7D00642744 /* Frameworks */,
				FBDD5E272A05AE7D00642744 /* Resources */,
			);
			buildRules = (
			);
			dependencies = (
			);
			name = techminds_tc2007b.501;
			productName = techminds_tc2007b.501;
			productReference = FBDD5E292A05AE7D00642744 /* techminds_tc2007b.501.app */;
			productType = "com.apple.product-type.application";
		};
		FBDD5E382A05AE8500642744 /* techminds_tc2007b.501Tests */ = {
			isa = PBXNativeTarget;
			buildConfigurationList = FBDD5E502A05AE8500642744 /* Build configuration list for PBXNativeTarget "techminds_tc2007b.501Tests" */;
			buildPhases = (
				FBDD5E352A05AE8500642744 /* Sources */,
				FBDD5E362A05AE8500642744 /* Frameworks */,
				FBDD5E372A05AE8500642744 /* Resources */,
			);
			buildRules = (
			);
			dependencies = (
				FBDD5E3B2A05AE8500642744 /* PBXTargetDependency */,
			);
			name = techminds_tc2007b.501Tests;
			productName = techminds_tc2007b.501Tests;
			productReference = FBDD5E392A05AE8500642744 /* techminds_tc2007b.501Tests.xctest */;
			productType = "com.apple.product-type.bundle.unit-test";
		};
		FBDD5E422A05AE8500642744 /* techminds_tc2007b.501UITests */ = {
			isa = PBXNativeTarget;
			buildConfigurationList = FBDD5E532A05AE8500642744 /* Build configuration list for PBXNativeTarget "techminds_tc2007b.501UITests" */;
			buildPhases = (
				FBDD5E3F2A05AE8500642744 /* Sources */,
				FBDD5E402A05AE8500642744 /* Frameworks */,
				FBDD5E412A05AE8500642744 /* Resources */,
			);
			buildRules = (
			);
			dependencies = (
				FBDD5E452A05AE8500642744 /* PBXTargetDependency */,
			);
			name = techminds_tc2007b.501UITests;
			productName = techminds_tc2007b.501UITests;
			productReference = FBDD5E432A05AE8500642744 /* techminds_tc2007b.501UITests.xctest */;
			productType = "com.apple.product-type.bundle.ui-testing";
		};
/* End PBXNativeTarget section */

/* Begin PBXProject section */
		FBDD5E212A05AE7D00642744 /* Project object */ = {
			isa = PBXProject;
			attributes = {
				BuildIndependentTargetsInParallel = 1;
				LastSwiftUpdateCheck = 1430;
				LastUpgradeCheck = 1430;
				TargetAttributes = {
					FBDD5E282A05AE7D00642744 = {
						CreatedOnToolsVersion = 14.3;
					};
					FBDD5E382A05AE8500642744 = {
						CreatedOnToolsVersion = 14.3;
						TestTargetID = FBDD5E282A05AE7D00642744;
					};
					FBDD5E422A05AE8500642744 = {
						CreatedOnToolsVersion = 14.3;
						TestTargetID = FBDD5E282A05AE7D00642744;
					};
				};
			};
			buildConfigurationList = FBDD5E242A05AE7D00642744 /* Build configuration list for PBXProject "techminds_tc2007b.501" */;
			compatibilityVersion = "Xcode 14.0";
			developmentRegion = en;
			hasScannedForEncodings = 0;
			knownRegions = (
				en,
				Base,
			);
			mainGroup = FBDD5E202A05AE7D00642744;
			productRefGroup = FBDD5E2A2A05AE7D00642744 /* Products */;
			projectDirPath = "";
			projectRoot = "";
			targets = (
				FBDD5E282A05AE7D00642744 /* techminds_tc2007b.501 */,
				FBDD5E382A05AE8500642744 /* techminds_tc2007b.501Tests */,
				FBDD5E422A05AE8500642744 /* techminds_tc2007b.501UITests */,
			);
		};
/* End PBXProject section */

/* Begin PBXResourcesBuildPhase section */
		FBDD5E272A05AE7D00642744 /* Resources */ = {
			isa = PBXResourcesBuildPhase;
			buildActionMask = 2147483647;
			files = (
				FBDD5E342A05AE8500642744 /* Preview Assets.xcassets in Resources */,
				FBDD5E312A05AE8500642744 /* Assets.xcassets in Resources */,
			);
			runOnlyForDeploymentPostprocessing = 0;
		};
		FBDD5E372A05AE8500642744 /* Resources */ = {
			isa = PBXResourcesBuildPhase;
			buildActionMask = 2147483647;
			files = (
			);
			runOnlyForDeploymentPostprocessing = 0;
		};
		FBDD5E412A05AE8500642744 /* Resources */ = {
			isa = PBXResourcesBuildPhase;
			buildActionMask = 2147483647;
			files = (
			);
			runOnlyForDeploymentPostprocessing = 0;
		};
/* End PBXResourcesBuildPhase section */

/* Begin PBXSourcesBuildPhase section */
		FBDD5E252A05AE7D00642744 /* Sources */ = {
			isa = PBXSourcesBuildPhase;
			buildActionMask = 2147483647;
			files = (
				FBDD5E2F2A05AE7D00642744 /* ContentView.swift in Sources */,
				FBDD5E2D2A05AE7D00642744 /* techminds_tc2007b_501App.swift in Sources */,
			);
			runOnlyForDeploymentPostprocessing = 0;
		};
		FBDD5E352A05AE8500642744 /* Sources */ = {
			isa = PBXSourcesBuildPhase;
			buildActionMask = 2147483647;
			files = (
				FBDD5E3E2A05AE8500642744 /* techminds_tc2007b_501Tests.swift in Sources */,
			);
			runOnlyForDeploymentPostprocessing = 0;
		};
		FBDD5E3F2A05AE8500642744 /* Sources */ = {
			isa = PBXSourcesBuildPhase;
			buildActionMask = 2147483647;
			files = (
				FBDD5E4A2A05AE8500642744 /* techminds_tc2007b_501UITestsLaunchTests.swift in Sources */,
				FBDD5E482A05AE8500642744 /* techminds_tc2007b_501UITests.swift in Sources */,
			);
			runOnlyForDeploymentPostprocessing = 0;
		};
/* End PBXSourcesBuildPhase section */

/* Begin PBXTargetDependency section */
		FBDD5E3B2A05AE8500642744 /* PBXTargetDependency */ = {
			isa = PBXTargetDependency;
			target = FBDD5E282A05AE7D00642744 /* techminds_tc2007b.501 */;
			targetProxy = FBDD5E3A2A05AE8500642744 /* PBXContainerItemProxy */;
		};
		FBDD5E452A05AE8500642744 /* PBXTargetDependency */ = {
			isa = PBXTargetDependency;
			target = FBDD5E282A05AE7D00642744 /* techminds_tc2007b.501 */;
			targetProxy = FBDD5E442A05AE8500642744 /* PBXContainerItemProxy */;
		};
/* End PBXTargetDependency section */

/* Begin XCBuildConfiguration section */
		FBDD5E4B2A05AE8500642744 /* Debug */ = {
			isa = XCBuildConfiguration;
			buildSettings = {
				ALWAYS_SEARCH_USER_PATHS = NO;
				CLANG_ANALYZER_NONNULL = YES;
				CLANG_ANALYZER_NUMBER_OBJECT_CONVERSION = YES_AGGRESSIVE;
				CLANG_CXX_LANGUAGE_STANDARD = "gnu++20";
				CLANG_ENABLE_MODULES = YES;
				CLANG_ENABLE_OBJC_ARC = YES;
				CLANG_ENABLE_OBJC_WEAK = YES;
				CLANG_WARN_BLOCK_CAPTURE_AUTORELEASING = YES;
				CLANG_WARN_BOOL_CONVERSION = YES;
				CLANG_WARN_COMMA = YES;
				CLANG_WARN_CONSTANT_CONVERSION = YES;
				CLANG_WARN_DEPRECATED_OBJC_IMPLEMENTATIONS = YES;
				CLANG_WARN_DIRECT_OBJC_ISA_USAGE = YES_ERROR;
				CLANG_WARN_DOCUMENTATION_COMMENTS = YES;
				CLANG_WARN_EMPTY_BODY = YES;
				CLANG_WARN_ENUM_CONVERSION = YES;
				CLANG_WARN_INFINITE_RECURSION = YES;
				CLANG_WARN_INT_CONVERSION = YES;
				CLANG_WARN_NON_LITERAL_NULL_CONVERSION = YES;
				CLANG_WARN_OBJC_IMPLICIT_RETAIN_SELF = YES;
				CLANG_WARN_OBJC_LITERAL_CONVERSION = YES;
				CLANG_WARN_OBJC_ROOT_CLASS = YES_ERROR;
				CLANG_WARN_QUOTED_INCLUDE_IN_FRAMEWORK_HEADER = YES;
				CLANG_WARN_RANGE_LOOP_ANALYSIS = YES;
				CLANG_WARN_STRICT_PROTOTYPES = YES;
				CLANG_WARN_SUSPICIOUS_MOVE = YES;
				CLANG_WARN_UNGUARDED_AVAILABILITY = YES_AGGRESSIVE;
				CLANG_WARN_UNREACHABLE_CODE = YES;
				CLANG_WARN__DUPLICATE_METHOD_MATCH = YES;
				COPY_PHASE_STRIP = NO;
				DEBUG_INFORMATION_FORMAT = dwarf;
				ENABLE_STRICT_OBJC_MSGSEND = YES;
				ENABLE_TESTABILITY = YES;
				GCC_C_LANGUAGE_STANDARD = gnu11;
				GCC_DYNAMIC_NO_PIC = NO;
				GCC_NO_COMMON_BLOCKS = YES;
				GCC_OPTIMIZATION_LEVEL = 0;
				GCC_PREPROCESSOR_DEFINITIONS = (
					"DEBUG=1",
					"$(inherited)",
				);
				GCC_WARN_64_TO_32_BIT_CONVERSION = YES;
				GCC_WARN_ABOUT_RETURN_TYPE = YES_ERROR;
				GCC_WARN_UNDECLARED_SELECTOR = YES;
				GCC_WARN_UNINITIALIZED_AUTOS = YES_AGGRESSIVE;
				GCC_WARN_UNUSED_FUNCTION = YES;
				GCC_WARN_UNUSED_VARIABLE = YES;
				IPHONEOS_DEPLOYMENT_TARGET = 16.4;
				MTL_ENABLE_DEBUG_INFO = INCLUDE_SOURCE;
				MTL_FAST_MATH = YES;
				ONLY_ACTIVE_ARCH = YES;
				SDKROOT = iphoneos;
				SWIFT_ACTIVE_COMPILATION_CONDITIONS = DEBUG;
				SWIFT_OPTIMIZATION_LEVEL = "-Onone";
			};
			name = Debug;
		};
		FBDD5E4C2A05AE8500642744 /* Release */ = {
			isa = XCBuildConfiguration;
			buildSettings = {
				ALWAYS_SEARCH_USER_PATHS = NO;
				CLANG_ANALYZER_NONNULL = YES;
				CLANG_ANALYZER_NUMBER_OBJECT_CONVERSION = YES_AGGRESSIVE;
				CLANG_CXX_LANGUAGE_STANDARD = "gnu++20";
				CLANG_ENABLE_MODULES = YES;
				CLANG_ENABLE_OBJC_ARC = YES;
				CLANG_ENABLE_OBJC_WEAK = YES;
				CLANG_WARN_BLOCK_CAPTURE_AUTORELEASING = YES;
				CLANG_WARN_BOOL_CONVERSION = YES;
				CLANG_WARN_COMMA = YES;
				CLANG_WARN_CONSTANT_CONVERSION = YES;
				CLANG_WARN_DEPRECATED_OBJC_IMPLEMENTATIONS = YES;
				CLANG_WARN_DIRECT_OBJC_ISA_USAGE = YES_ERROR;
				CLANG_WARN_DOCUMENTATION_COMMENTS = YES;
				CLANG_WARN_EMPTY_BODY = YES;
				CLANG_WARN_ENUM_CONVERSION = YES;
				CLANG_WARN_INFINITE_RECURSION = YES;
				CLANG_WARN_INT_CONVERSION = YES;
				CLANG_WARN_NON_LITERAL_NULL_CONVERSION = YES;
				CLANG_WARN_OBJC_IMPLICIT_RETAIN_SELF = YES;
				CLANG_WARN_OBJC_LITERAL_CONVERSION = YES;
				CLANG_WARN_OBJC_ROOT_CLASS = YES_ERROR;
				CLANG_WARN_QUOTED_INCLUDE_IN_FRAMEWORK_HEADER = YES;
				CLANG_WARN_RANGE_LOOP_ANALYSIS = YES;
				CLANG_WARN_STRICT_PROTOTYPES = YES;
				CLANG_WARN_SUSPICIOUS_MOVE = YES;
				CLANG_WARN_UNGUARDED_AVAILABILITY = YES_AGGRESSIVE;
				CLANG_WARN_UNREACHABLE_CODE = YES;
				CLANG_WARN__DUPLICATE_METHOD_MATCH = YES;
				COPY_PHASE_STRIP = NO;
				DEBUG_INFORMATION_FORMAT = "dwarf-with-dsym";
				ENABLE_NS_ASSERTIONS = NO;
				ENABLE_STRICT_OBJC_MSGSEND = YES;
				GCC_C_LANGUAGE_STANDARD = gnu11;
				GCC_NO_COMMON_BLOCKS = YES;
				GCC_WARN_64_TO_32_BIT_CONVERSION = YES;
				GCC_WARN_ABOUT_RETURN_TYPE = YES_ERROR;
				GCC_WARN_UNDECLARED_SELECTOR = YES;
				GCC_WARN_UNINITIALIZED_AUTOS = YES_AGGRESSIVE;
				GCC_WARN_UNUSED_FUNCTION = YES;
				GCC_WARN_UNUSED_VARIABLE = YES;
				IPHONEOS_DEPLOYMENT_TARGET = 16.4;
				MTL_ENABLE_DEBUG_INFO = NO;
				MTL_FAST_MATH = YES;
				SDKROOT = iphoneos;
				SWIFT_COMPILATION_MODE = wholemodule;
				SWIFT_OPTIMIZATION_LEVEL = "-O";
				VALIDATE_PRODUCT = YES;
			};
			name = Release;
		};
		FBDD5E4E2A05AE8500642744 /* Debug */ = {
			isa = XCBuildConfiguration;
			buildSettings = {
				ASSETCATALOG_COMPILER_APPICON_NAME = AppIcon;
				ASSETCATALOG_COMPILER_GLOBAL_ACCENT_COLOR_NAME = AccentColor;
				CODE_SIGN_STYLE = Automatic;
				CURRENT_PROJECT_VERSION = 1;
				DEVELOPMENT_ASSET_PATHS = "\"techminds_tc2007b.501/Preview Content\"";
				ENABLE_PREVIEWS = YES;
				GENERATE_INFOPLIST_FILE = YES;
				INFOPLIST_KEY_UIApplicationSceneManifest_Generation = YES;
				INFOPLIST_KEY_UIApplicationSupportsIndirectInputEvents = YES;
				INFOPLIST_KEY_UILaunchScreen_Generation = YES;
				INFOPLIST_KEY_UISupportedInterfaceOrientations_iPad = "UIInterfaceOrientationPortrait UIInterfaceOrientationPortraitUpsideDown UIInterfaceOrientationLandscapeLeft UIInterfaceOrientationLandscapeRight";
				INFOPLIST_KEY_UISupportedInterfaceOrientations_iPhone = "UIInterfaceOrientationPortrait UIInterfaceOrientationLandscapeLeft UIInterfaceOrientationLandscapeRight";
				LD_RUNPATH_SEARCH_PATHS = (
					"$(inherited)",
					"@executable_path/Frameworks",
				);
				MARKETING_VERSION = 1.0;
				PRODUCT_BUNDLE_IDENTIFIER = "techminds.techminds-tc2007b-501";
				PRODUCT_NAME = "$(TARGET_NAME)";
				SWIFT_EMIT_LOC_STRINGS = YES;
				SWIFT_VERSION = 5.0;
				TARGETED_DEVICE_FAMILY = "1,2";
			};
			name = Debug;
		};
		FBDD5E4F2A05AE8500642744 /* Release */ = {
			isa = XCBuildConfiguration;
			buildSettings = {
				ASSETCATALOG_COMPILER_APPICON_NAME = AppIcon;
				ASSETCATALOG_COMPILER_GLOBAL_ACCENT_COLOR_NAME = AccentColor;
				CODE_SIGN_STYLE = Automatic;
				CURRENT_PROJECT_VERSION = 1;
				DEVELOPMENT_ASSET_PATHS = "\"techminds_tc2007b.501/Preview Content\"";
				ENABLE_PREVIEWS = YES;
				GENERATE_INFOPLIST_FILE = YES;
				INFOPLIST_KEY_UIApplicationSceneManifest_Generation = YES;
				INFOPLIST_KEY_UIApplicationSupportsIndirectInputEvents = YES;
				INFOPLIST_KEY_UILaunchScreen_Generation = YES;
				INFOPLIST_KEY_UISupportedInterfaceOrientations_iPad = "UIInterfaceOrientationPortrait UIInterfaceOrientationPortraitUpsideDown UIInterfaceOrientationLandscapeLeft UIInterfaceOrientationLandscapeRight";
				INFOPLIST_KEY_UISupportedInterfaceOrientations_iPhone = "UIInterfaceOrientationPortrait UIInterfaceOrientationLandscapeLeft UIInterfaceOrientationLandscapeRight";
				LD_RUNPATH_SEARCH_PATHS = (
					"$(inherited)",
					"@executable_path/Frameworks",
				);
				MARKETING_VERSION = 1.0;
				PRODUCT_BUNDLE_IDENTIFIER = "techminds.techminds-tc2007b-501";
				PRODUCT_NAME = "$(TARGET_NAME)";
				SWIFT_EMIT_LOC_STRINGS = YES;
				SWIFT_VERSION = 5.0;
				TARGETED_DEVICE_FAMILY = "1,2";
			};
			name = Release;
		};
		FBDD5E512A05AE8500642744 /* Debug */ = {
			isa = XCBuildConfiguration;
			buildSettings = {
				ALWAYS_EMBED_SWIFT_STANDARD_LIBRARIES = YES;
				BUNDLE_LOADER = "$(TEST_HOST)";
				CODE_SIGN_STYLE = Automatic;
				CURRENT_PROJECT_VERSION = 1;
				GENERATE_INFOPLIST_FILE = YES;
				IPHONEOS_DEPLOYMENT_TARGET = 16.4;
				MARKETING_VERSION = 1.0;
				PRODUCT_BUNDLE_IDENTIFIER = "techminds.techminds-tc2007b-501Tests";
				PRODUCT_NAME = "$(TARGET_NAME)";
				SWIFT_EMIT_LOC_STRINGS = NO;
				SWIFT_VERSION = 5.0;
				TARGETED_DEVICE_FAMILY = "1,2";
				TEST_HOST = "$(BUILT_PRODUCTS_DIR)/techminds_tc2007b.501.app/$(BUNDLE_EXECUTABLE_FOLDER_PATH)/techminds_tc2007b.501";
			};
			name = Debug;
		};
		FBDD5E522A05AE8500642744 /* Release */ = {
			isa = XCBuildConfiguration;
			buildSettings = {
				ALWAYS_EMBED_SWIFT_STANDARD_LIBRARIES = YES;
				BUNDLE_LOADER = "$(TEST_HOST)";
				CODE_SIGN_STYLE = Automatic;
				CURRENT_PROJECT_VERSION = 1;
				GENERATE_INFOPLIST_FILE = YES;
				IPHONEOS_DEPLOYMENT_TARGET = 16.4;
				MARKETING_VERSION = 1.0;
				PRODUCT_BUNDLE_IDENTIFIER = "techminds.techminds-tc2007b-501Tests";
				PRODUCT_NAME = "$(TARGET_NAME)";
				SWIFT_EMIT_LOC_STRINGS = NO;
				SWIFT_VERSION = 5.0;
				TARGETED_DEVICE_FAMILY = "1,2";
				TEST_HOST = "$(BUILT_PRODUCTS_DIR)/techminds_tc2007b.501.app/$(BUNDLE_EXECUTABLE_FOLDER_PATH)/techminds_tc2007b.501";
			};
			name = Release;
		};
		FBDD5E542A05AE8500642744 /* Debug */ = {
			isa = XCBuildConfiguration;
			buildSettings = {
				ALWAYS_EMBED_SWIFT_STANDARD_LIBRARIES = YES;
				CODE_SIGN_STYLE = Automatic;
				CURRENT_PROJECT_VERSION = 1;
				GENERATE_INFOPLIST_FILE = YES;
				MARKETING_VERSION = 1.0;
				PRODUCT_BUNDLE_IDENTIFIER = "techminds.techminds-tc2007b-501UITests";
				PRODUCT_NAME = "$(TARGET_NAME)";
				SWIFT_EMIT_LOC_STRINGS = NO;
				SWIFT_VERSION = 5.0;
				TARGETED_DEVICE_FAMILY = "1,2";
				TEST_TARGET_NAME = techminds_tc2007b.501;
			};
			name = Debug;
		};
		FBDD5E552A05AE8500642744 /* Release */ = {
			isa = XCBuildConfiguration;
			buildSettings = {
				ALWAYS_EMBED_SWIFT_STANDARD_LIBRARIES = YES;
				CODE_SIGN_STYLE = Automatic;
				CURRENT_PROJECT_VERSION = 1;
				GENERATE_INFOPLIST_FILE = YES;
				MARKETING_VERSION = 1.0;
				PRODUCT_BUNDLE_IDENTIFIER = "techminds.techminds-tc2007b-501UITests";
				PRODUCT_NAME = "$(TARGET_NAME)";
				SWIFT_EMIT_LOC_STRINGS = NO;
				SWIFT_VERSION = 5.0;
				TARGETED_DEVICE_FAMILY = "1,2";
				TEST_TARGET_NAME = techminds_tc2007b.501;
			};
			name = Release;
		};
/* End XCBuildConfiguration section */

/* Begin XCConfigurationList section */
		FBDD5E242A05AE7D00642744 /* Build configuration list for PBXProject "techminds_tc2007b.501" */ = {
			isa = XCConfigurationList;
			buildConfigurations = (
				FBDD5E4B2A05AE8500642744 /* Debug */,
				FBDD5E4C2A05AE8500642744 /* Release */,
			);
			defaultConfigurationIsVisible = 0;
			defaultConfigurationName = Release;
		};
		FBDD5E4D2A05AE8500642744 /* Build configuration list for PBXNativeTarget "techminds_tc2007b.501" */ = {
			isa = XCConfigurationList;
			buildConfigurations = (
				FBDD5E4E2A05AE8500642744 /* Debug */,
				FBDD5E4F2A05AE8500642744 /* Release */,
			);
			defaultConfigurationIsVisible = 0;
			defaultConfigurationName = Release;
		};
		FBDD5E502A05AE8500642744 /* Build configuration list for PBXNativeTarget "techminds_tc2007b.501Tests" */ = {
			isa = XCConfigurationList;
			buildConfigurations = (
				FBDD5E512A05AE8500642744 /* Debug */,
				FBDD5E522A05AE8500642744 /* Release */,
			);
			defaultConfigurationIsVisible = 0;
			defaultConfigurationName = Release;
		};
		FBDD5E532A05AE8500642744 /* Build configuration list for PBXNativeTarget "techminds_tc2007b.501UITests" */ = {
			isa = XCConfigurationList;
			buildConfigurations = (
				FBDD5E542A05AE8500642744 /* Debug */,
				FBDD5E552A05AE8500642744 /* Release */,
			);
			defaultConfigurationIsVisible = 0;
			defaultConfigurationName = Release;
		};
/* End XCConfigurationList section */
	};
	rootObject = FBDD5E212A05AE7D00642744 /* Project object */;
}
